
Microsoft Visual Studio Solution File, Format Version 10.00
# Visual Studio 2008
Project("{FAE04EC0-301F-11D3-BF4B-00C04F79EFBC}") = "wpltom3u", "src\wpltom3u.csproj", "{39014F47-8FD7-4D23-BEBE-9D1B28B0740C}"
EndProject
Global
	GlobalSection(SolutionConfigurationPlatforms) = preSolution
		Debug|Any CPU = Debug|Any CPU
		Release|Any CPU = Release|Any CPU
	EndGlobalSection
	GlobalSection(ProjectConfigurationPlatforms) = postSolution
		{39014F47-8FD7-4D23-BEBE-9D1B28B0740C}.Debug|Any CPU.ActiveCfg = Debug|Any CPU
		{39014F47-8FD7-4D23-BEBE-9D1B28B0740C}.Debug|Any CPU.Build.0 = Debug|Any CPU
		{39014F47-8FD7-4D23-BEBE-9D1B28B0740C}.Release|Any CPU.ActiveCfg = Release|Any CPU
		{39014F47-8FD7-4D23-BEBE-9D1B28B0740C}.Release|Any CPU.Build.0 = Release|Any CPU
	EndGlobalSection
	GlobalSection(SolutionProperties) = preSolution
		HideSolutionNode = FALSE
	EndGlobalSection
EndGlobal
